
Microsoft Visual Studio Solution File, Format Version 12.00
Project("{2150E333-8FDC-42A3-9474-1A3956D46DE8}") = "src", "src", "{5A6517C0-65EB-4BA4-AC5C-0967195E8830}"
EndProject
Project("{2150E333-8FDC-42A3-9474-1A3956D46DE8}") = "test", "test", "{31AA648D-39AC-4AB4-A8F6-987C4B18DCFB}"
EndProject
Project("{FAE04EC0-301F-11D3-BF4B-00C04F79EFBC}") = "SchoolExam.Util", "src\SchoolExam.Util\SchoolExam.Util.csproj", "{A729D1A1-32F1-40BF-86F1-82AC2F3F11F6}"
EndProject
Project("{FAE04EC0-301F-11D3-BF4B-00C04F79EFBC}") = "SchoolExam.Core", "src\SchoolExam.Core\SchoolExam.Core.csproj", "{2E7A6F29-892F-480E-82F9-773B86F33407}"
EndProject
Project("{FAE04EC0-301F-11D3-BF4B-00C04F79EFBC}") = "SchoolExam.Infrastructure", "src\SchoolExam.Infrastructure\SchoolExam.Infrastructure.csproj", "{BF162664-892F-4E20-B518-DEBF8EF15B37}"
EndProject
Project("{FAE04EC0-301F-11D3-BF4B-00C04F79EFBC}") = "SchoolExam.Web", "src\SchoolExam.Web\SchoolExam.Web.csproj", "{D2659A96-085A-4A1F-9C0F-927AF984CF16}"
EndProject
Project("{FAE04EC0-301F-11D3-BF4B-00C04F79EFBC}") = "SchoolExam.ModuleTests", "test\SchoolExam.ModuleTests\SchoolExam.ModuleTests.csproj", "{36A1A1FA-2ACA-4706-9246-4731225BF0E2}"
EndProject
Project("{FAE04EC0-301F-11D3-BF4B-00C04F79EFBC}") = "SchoolExam.Application", "src\SchoolExam.Application\SchoolExam.Application.csproj", "{F01B719D-F55F-4829-8B1D-4E80FE3A480F}"
EndProject
Global
	GlobalSection(SolutionConfigurationPlatforms) = preSolution
		Debug|Any CPU = Debug|Any CPU
		Release|Any CPU = Release|Any CPU
	EndGlobalSection
	GlobalSection(NestedProjects) = preSolution
		{A729D1A1-32F1-40BF-86F1-82AC2F3F11F6} = {5A6517C0-65EB-4BA4-AC5C-0967195E8830}
		{2E7A6F29-892F-480E-82F9-773B86F33407} = {5A6517C0-65EB-4BA4-AC5C-0967195E8830}
		{BF162664-892F-4E20-B518-DEBF8EF15B37} = {5A6517C0-65EB-4BA4-AC5C-0967195E8830}
		{D2659A96-085A-4A1F-9C0F-927AF984CF16} = {5A6517C0-65EB-4BA4-AC5C-0967195E8830}
		{36A1A1FA-2ACA-4706-9246-4731225BF0E2} = {31AA648D-39AC-4AB4-A8F6-987C4B18DCFB}
		{F01B719D-F55F-4829-8B1D-4E80FE3A480F} = {5A6517C0-65EB-4BA4-AC5C-0967195E8830}
	EndGlobalSection
	GlobalSection(ProjectConfigurationPlatforms) = postSolution
		{A729D1A1-32F1-40BF-86F1-82AC2F3F11F6}.Debug|Any CPU.ActiveCfg = Debug|Any CPU
		{A729D1A1-32F1-40BF-86F1-82AC2F3F11F6}.Debug|Any CPU.Build.0 = Debug|Any CPU
		{A729D1A1-32F1-40BF-86F1-82AC2F3F11F6}.Release|Any CPU.ActiveCfg = Release|Any CPU
		{A729D1A1-32F1-40BF-86F1-82AC2F3F11F6}.Release|Any CPU.Build.0 = Release|Any CPU
		{2E7A6F29-892F-480E-82F9-773B86F33407}.Debug|Any CPU.ActiveCfg = Debug|Any CPU
		{2E7A6F29-892F-480E-82F9-773B86F33407}.Debug|Any CPU.Build.0 = Debug|Any CPU
		{2E7A6F29-892F-480E-82F9-773B86F33407}.Release|Any CPU.ActiveCfg = Release|Any CPU
		{2E7A6F29-892F-480E-82F9-773B86F33407}.Release|Any CPU.Build.0 = Release|Any CPU
		{BF162664-892F-4E20-B518-DEBF8EF15B37}.Debug|Any CPU.ActiveCfg = Debug|Any CPU
		{BF162664-892F-4E20-B518-DEBF8EF15B37}.Debug|Any CPU.Build.0 = Debug|Any CPU
		{BF162664-892F-4E20-B518-DEBF8EF15B37}.Release|Any CPU.ActiveCfg = Release|Any CPU
		{BF162664-892F-4E20-B518-DEBF8EF15B37}.Release|Any CPU.Build.0 = Release|Any CPU
		{D2659A96-085A-4A1F-9C0F-927AF984CF16}.Debug|Any CPU.ActiveCfg = Debug|Any CPU
		{D2659A96-085A-4A1F-9C0F-927AF984CF16}.Debug|Any CPU.Build.0 = Debug|Any CPU
		{D2659A96-085A-4A1F-9C0F-927AF984CF16}.Release|Any CPU.ActiveCfg = Release|Any CPU
		{D2659A96-085A-4A1F-9C0F-927AF984CF16}.Release|Any CPU.Build.0 = Release|Any CPU
		{36A1A1FA-2ACA-4706-9246-4731225BF0E2}.Debug|Any CPU.ActiveCfg = Debug|Any CPU
		{36A1A1FA-2ACA-4706-9246-4731225BF0E2}.Debug|Any CPU.Build.0 = Debug|Any CPU
		{36A1A1FA-2ACA-4706-9246-4731225BF0E2}.Release|Any CPU.ActiveCfg = Release|Any CPU
		{36A1A1FA-2ACA-4706-9246-4731225BF0E2}.Release|Any CPU.Build.0 = Release|Any CPU
		{F01B719D-F55F-4829-8B1D-4E80FE3A480F}.Debug|Any CPU.ActiveCfg = Debug|Any CPU
		{F01B719D-F55F-4829-8B1D-4E80FE3A480F}.Debug|Any CPU.Build.0 = Debug|Any CPU
		{F01B719D-F55F-4829-8B1D-4E80FE3A480F}.Release|Any CPU.ActiveCfg = Release|Any CPU
		{F01B719D-F55F-4829-8B1D-4E80FE3A480F}.Release|Any CPU.Build.0 = Release|Any CPU
	EndGlobalSection
EndGlobal
